
Microsoft Visual Studio Solution File, Format Version 12.00
# Visual Studio Version 17
VisualStudioVersion = 17.3.32825.248
MinimumVisualStudioVersion = 10.0.40219.1
Project("{FAE04EC0-301F-11D3-BF4B-00C04F79EFBC}") = "CourseWork", "CourseWork\CourseWork.csproj", "{ADACBB35-437C-417F-94CD-8D45818D7861}"
EndProject
Global
	GlobalSection(SolutionConfigurationPlatforms) = preSolution
		Debug|Any CPU = Debug|Any CPU
		Release|Any CPU = Release|Any CPU
	EndGlobalSection
	GlobalSection(ProjectConfigurationPlatforms) = postSolution
		{ADACBB35-437C-417F-94CD-8D45818D7861}.Debug|Any CPU.ActiveCfg = Debug|Any CPU
		{ADACBB35-437C-417F-94CD-8D45818D7861}.Debug|Any CPU.Build.0 = Debug|Any CPU
		{ADACBB35-437C-417F-94CD-8D45818D7861}.Release|Any CPU.ActiveCfg = Release|Any CPU
		{ADACBB35-437C-417F-94CD-8D45818D7861}.Release|Any CPU.Build.0 = Release|Any CPU
	EndGlobalSection
	GlobalSection(SolutionProperties) = preSolution
		HideSolutionNode = FALSE
	EndGlobalSection
	GlobalSection(ExtensibilityGlobals) = postSolution
		SolutionGuid = {F34B70DF-4588-4C8F-B463-84F4987F1F46}
	EndGlobalSection
EndGlobal
